
Microsoft Visual Studio Solution File, Format Version 12.00
# Visual Studio Version 16
VisualStudioVersion = 16.0.30804.86
MinimumVisualStudioVersion = 10.0.40219.1
Project("{9A19103F-16F7-4668-BE54-9A1E7A4F7556}") = "TagFinder", "TagFinder\TagFinder.csproj", "{DC27911F-4749-4BCB-AF1B-5AF81CA53A64}"
EndProject
Project("{9A19103F-16F7-4668-BE54-9A1E7A4F7556}") = "Test", "Test\Test.csproj", "{304EF8CE-566B-45F2-9D3C-1E8573246C32}"
EndProject
Global
	GlobalSection(SolutionConfigurationPlatforms) = preSolution
		Debug|Any CPU = Debug|Any CPU
		Release|Any CPU = Release|Any CPU
	EndGlobalSection
	GlobalSection(ProjectConfigurationPlatforms) = postSolution
		{DC27911F-4749-4BCB-AF1B-5AF81CA53A64}.Debug|Any CPU.ActiveCfg = Debug|Any CPU
		{DC27911F-4749-4BCB-AF1B-5AF81CA53A64}.Debug|Any CPU.Build.0 = Debug|Any CPU
		{DC27911F-4749-4BCB-AF1B-5AF81CA53A64}.Release|Any CPU.ActiveCfg = Release|Any CPU
		{DC27911F-4749-4BCB-AF1B-5AF81CA53A64}.Release|Any CPU.Build.0 = Release|Any CPU
		{304EF8CE-566B-45F2-9D3C-1E8573246C32}.Debug|Any CPU.ActiveCfg = Debug|Any CPU
		{304EF8CE-566B-45F2-9D3C-1E8573246C32}.Debug|Any CPU.Build.0 = Debug|Any CPU
		{304EF8CE-566B-45F2-9D3C-1E8573246C32}.Release|Any CPU.ActiveCfg = Release|Any CPU
		{304EF8CE-566B-45F2-9D3C-1E8573246C32}.Release|Any CPU.Build.0 = Release|Any CPU
	EndGlobalSection
	GlobalSection(SolutionProperties) = preSolution
		HideSolutionNode = FALSE
	EndGlobalSection
	GlobalSection(ExtensibilityGlobals) = postSolution
		SolutionGuid = {EDD89B8B-F650-4982-84FD-97353312973A}
	EndGlobalSection
EndGlobal
